{
  "originHash" : "499abad9da9485a257d944e5ed09b2fcbff6856d40e729a37e468b64b0460db2",
  "pins" : [
    {
      "identity" : "commonutilities",
      "kind" : "remoteSourceControl",
      "location" : "https://github.com/rania-ramadan011/CommonUtilities.git",
      "state" : {
        "revision" : "2406a1c01d7f1caf6f09841cc2e04e7898fdd669",
        "version" : "1.0.1"
      }
    }
  ],
  "version" : 3
}
